
Microsoft Visual Studio Solution File, Format Version 12.00
# Visual Studio Version 17
VisualStudioVersion = 17.7.34202.233
MinimumVisualStudioVersion = 10.0.40219.1
Project("{FAE04EC0-301F-11D3-BF4B-00C04F79EFBC}") = "ImeiTask", "ImeiTask.csproj", "{6102128F-E031-4D53-BECC-06127285FA2D}"
EndProject
Global
	GlobalSection(SolutionConfigurationPlatforms) = preSolution
		Debug|Any CPU = Debug|Any CPU
		Release|Any CPU = Release|Any CPU
	EndGlobalSection
	GlobalSection(ProjectConfigurationPlatforms) = postSolution
		{6102128F-E031-4D53-BECC-06127285FA2D}.Debug|Any CPU.ActiveCfg = Debug|Any CPU
		{6102128F-E031-4D53-BECC-06127285FA2D}.Debug|Any CPU.Build.0 = Debug|Any CPU
		{6102128F-E031-4D53-BECC-06127285FA2D}.Release|Any CPU.ActiveCfg = Release|Any CPU
		{6102128F-E031-4D53-BECC-06127285FA2D}.Release|Any CPU.Build.0 = Release|Any CPU
	EndGlobalSection
	GlobalSection(SolutionProperties) = preSolution
		HideSolutionNode = FALSE
	EndGlobalSection
	GlobalSection(ExtensibilityGlobals) = postSolution
		SolutionGuid = {244A56A9-9898-4D59-8D13-23C2B2BA297D}
	EndGlobalSection
EndGlobal
